{
  "version": 2,
  "dependencies": {
    "net10.0": {
      "Microsoft.NET.ILLink.Tasks": {
        "type": "Direct",
        "requested": "[10.0.5, )",
        "resolved": "10.0.5",
        "contentHash": "A+5ZuQ0f449tM+MQrhf6R9ZX7lYpjk/ODEwLYKrnF6111rtARx8fVsm4YznUnQiKnnXfaXNBqgxmil6RW3L3SA=="
      },
      "weave.shared": {
        "type": "Project",
        "dependencies": {
          "Microsoft.Extensions.AI.Abstractions": "[10.5.1, )",
          "Microsoft.Extensions.DependencyInjection.Abstractions": "[10.0.7, )",
          "Microsoft.Extensions.Logging.Abstractions": "[10.0.7, )"
        }
      },
      "Microsoft.Extensions.AI.Abstractions": {
        "type": "CentralTransitive",
        "requested": "[10.5.1, )",
        "resolved": "10.5.1",
        "contentHash": "nB0l3IlsVbNeUxsE7nZNb9GY8rP1OSeqpj0pseORPejt474HNKEauTWTLdSJPkSvPlRMxowZNMo6nyp7APAiSg=="
      },
      "Microsoft.Extensions.DependencyInjection.Abstractions": {
        "type": "CentralTransitive",
        "requested": "[10.0.7, )",
        "resolved": "10.0.7",
        "contentHash": "Z6mfFEaFcwCfSboxJwOLfu7/31npCY9q70WUamHW/vRQhDvBKOT4Vf9YkZj5J6hLvJpb0oDEYfHunQZj0xxvKw=="
      },
      "Microsoft.Extensions.Logging.Abstractions": {
        "type": "CentralTransitive",
        "requested": "[10.0.7, )",
        "resolved": "10.0.7",
        "contentHash": "tIEcQ2gvERrH2KiCjdsVcHGhXt9lIsuDStfOIeZWr7/fP8IXhGiYfx0/80PNI7WPO2IYuFtlZLSlnTS8+/Mchw==",
        "dependencies": {
          "Microsoft.Extensions.DependencyInjection.Abstractions": "10.0.7"
        }
      }
    }
  }
}