<Solution>
  <Folder Name="/01 - Solution/">
    <File Path=".editorconfig" />
    <File Path=".gitignore" />
    <File Path="AGENTS.md" />
    <File Path="CLAUDE.md" />
    <File Path="Directory.Build.props" />
    <File Path="Directory.Build.targets" />
    <File Path="Directory.Packages.props" />
    <File Path="README.md" />
  </Folder>
  <Folder Name="/02 - Docs/">
    <File Path="docs/PRD-MVP.md" />
  </Folder>
  <Folder Name="/src/">
    <Project Path="src/Weave.Shared/Weave.Shared.csproj" />
    <Project Path="src/Weave.ServiceDefaults/Weave.ServiceDefaults.csproj" />
    <Project Path="src/Weave.AppHost/Weave.AppHost.csproj" />
    <Project Path="src/Weave.Workspaces/Weave.Workspaces.csproj" />
    <Project Path="src/Weave.Agents/Weave.Agents.csproj" />
    <Project Path="src/Weave.Silo/Weave.Silo.csproj" />
    <Project Path="src/Weave.SourceGen/Weave.SourceGen.csproj" />
    <Project Path="src/Weave.Security/Weave.Security.csproj" />
    <Project Path="src/Weave.Tools/Weave.Tools.csproj" />
    <Project Path="src/Weave.Deploy/Weave.Deploy.csproj" />
    <Project Path="src/Weave.Dashboard/Weave.Dashboard.csproj" />
    <Project Path="src/Weave.Cli/Weave.Cli.csproj" />
  </Folder>
  <Folder Name="/tests/">
    <Project Path="tests/Weave.Workspaces.Tests/Weave.Workspaces.Tests.csproj" />
    <Project Path="tests/Weave.Agents.Tests/Weave.Agents.Tests.csproj" />
    <Project Path="tests/Weave.Security.Tests/Weave.Security.Tests.csproj" />
    <Project Path="tests/Weave.Shared.Tests/Weave.Shared.Tests.csproj" />
    <Project Path="tests/Weave.Tools.Tests/Weave.Tools.Tests.csproj" />
    <Project Path="tests/Weave.Deploy.Tests/Weave.Deploy.Tests.csproj" />
  </Folder>
 </Solution>



