<Solution>
  <Folder Name="/src/">
    <Project Path="src/Weave.csproj" />
  </Folder>
  <Folder Name="/hosts/">
    <Project Path="hosts/Weave.AppHost/Weave.AppHost.csproj" />
    <Project Path="hosts/Weave.Cli/Weave.Cli.csproj" />
    <Project Path="hosts/Weave.Dashboard/Weave.Dashboard.csproj" />
    <Project Path="hosts/Weave.Host/Weave.Host.csproj" />
    <Project Path="hosts/Weave.ServiceDefaults/Weave.ServiceDefaults.csproj" />
  </Folder>
  <Folder Name="/extensions/">
    <Project Path="extensions/Weave.Actions/Weave.Actions.csproj" />
    <Project Path="extensions/Weave.AgentRuntime/Weave.AgentRuntime.csproj" />
    <Project Path="extensions/Weave.Cli.Shell/Weave.Cli.Shell.csproj" />
    <Project Path="extensions/Weave.Cli.Tui/Weave.Cli.Tui.csproj" />
    <Project Path="extensions/Weave.CliTools/Weave.CliTools.csproj" />
    <Project Path="extensions/Weave.Dapr/Weave.Dapr.csproj" />
    <Project Path="extensions/Weave.Deploy/Weave.Deploy.csproj" />
    <Project Path="extensions/Weave.DirectHttp/Weave.DirectHttp.csproj" />
    <Project Path="extensions/Weave.FileSystem/Weave.FileSystem.csproj" />
    <Project Path="extensions/Weave.Mcp/Weave.Mcp.csproj" />
    <Project Path="extensions/Weave.OpenApi/Weave.OpenApi.csproj" />
    <Project Path="extensions/Weave.Security.Postgres/Weave.Security.Postgres.csproj" />
    <Project Path="extensions/Weave.Security.Sqlite/Weave.Security.Sqlite.csproj" />
    <Project Path="extensions/Weave.Silo.Clustering.Postgres/Weave.Silo.Clustering.Postgres.csproj" />
    <Project Path="extensions/Weave.Silo.Clustering.Redis/Weave.Silo.Clustering.Redis.csproj" />
    <Project Path="extensions/Weave.Silo.Clustering.SqlServer/Weave.Silo.Clustering.SqlServer.csproj" />
    <Project Path="extensions/Weave.Silo.Clustering.Sqlite/Weave.Silo.Clustering.Sqlite.csproj" />
  </Folder>
  <Folder Name="/tools/">
    <Project Path="tools/Weave.SourceGen/Weave.SourceGen.csproj" />
  </Folder>
  <Folder Name="/tests/">
    <Project Path="tests/Weave.Actions.Tests/Weave.Actions.Tests.csproj" />
    <Project Path="tests/Weave.Agents.Tests/Weave.Agents.Tests.csproj" />
    <Project Path="tests/Weave.Cli.Tests/Weave.Cli.Tests.csproj" />
    <Project Path="tests/Weave.Deploy.Tests/Weave.Deploy.Tests.csproj" />
    <Project Path="tests/Weave.Security.Tests/Weave.Security.Tests.csproj" />
    <Project Path="tests/Weave.Shared.Tests/Weave.Shared.Tests.csproj" />
    <Project Path="tests/Weave.Silo.Tests/Weave.Silo.Tests.csproj" />
    <Project Path="tests/Weave.Tools.Tests/Weave.Tools.Tests.csproj" />
    <Project Path="tests/Weave.Workspaces.Tests/Weave.Workspaces.Tests.csproj" />
  </Folder>
</Solution>
