{
  "version": 2,
  "dependencies": {
    "net10.0": {
      "Microsoft.AspNetCore.App.Internal.Assets": {
        "type": "Direct",
        "requested": "[10.0.5, )",
        "resolved": "10.0.5",
        "contentHash": "Oxw9Ps1/nd6c/EMCAI13AeJFEqXezAvCEOshMjUWmL7LeGirHJNzytR2e/3jINYg0j2TmPvNUowGHf+gp8zDSQ=="
      },
      "Microsoft.FluentUI.AspNetCore.Components": {
        "type": "Direct",
        "requested": "[4.14.0, )",
        "resolved": "4.14.0",
        "contentHash": "GzFqPwOkiLdJwnue+hv03DKhoDQwiYJ+K4fiJC7UTWqxgUlOSI4JeiERsUMedx3Diu6hzIt+jLisL8PniB86cA=="
      },
      "Microsoft.FluentUI.AspNetCore.Components.Icons": {
        "type": "Direct",
        "requested": "[4.14.0, )",
        "resolved": "4.14.0",
        "contentHash": "j3McCowpuLGPrqGjnGfx3Zc8+ga1zWNzEbQ4gpOLicb+YZe5UKrqF/XNc3N2tH1SJqwPo1kSVfrgbljEyYGCjQ==",
        "dependencies": {
          "Microsoft.FluentUI.AspNetCore.Components": "4.12.0"
        }
      },
      "Microsoft.NET.ILLink.Tasks": {
        "type": "Direct",
        "requested": "[10.0.5, )",
        "resolved": "10.0.5",
        "contentHash": "A+5ZuQ0f449tM+MQrhf6R9ZX7lYpjk/ODEwLYKrnF6111rtARx8fVsm4YznUnQiKnnXfaXNBqgxmil6RW3L3SA=="
      },
      "Microsoft.Orleans.Client": {
        "type": "Direct",
        "requested": "[10.0.1, )",
        "resolved": "10.0.1",
        "contentHash": "u+8HKG8YUyfmX6EhKxyr92JtxFIMCmDdfc0CUAAUBk12RWpN12lsIWdgGbwfiUeEaqceFsnOxW1Jlg0etmQK8w==",
        "dependencies": {
          "Microsoft.CodeAnalysis.Analyzers": "3.11.0",
          "Microsoft.CodeAnalysis.Common": "5.0.0",
          "Microsoft.CodeAnalysis.Workspaces.Common": "5.0.0",
          "Microsoft.Extensions.DependencyModel": "10.0.0",
          "Microsoft.Orleans.Sdk": "10.0.1",
          "Newtonsoft.Json": "13.0.4",
          "System.IO.Hashing": "10.0.0",
          "System.Memory.Data": "10.0.0"
        }
      },
      "Humanizer.Core": {
        "type": "Transitive",
        "resolved": "2.14.1",
        "contentHash": "lQKvtaTDOXnoVJ20ibTuSIOf2i0uO0MPbDhd1jm238I+U/2ZnRENj0cktKZhtchBMtCUSRQ5v4xBCUbKNmyVMw=="
      },
      "Microsoft.CodeAnalysis.Analyzers": {
        "type": "Transitive",
        "resolved": "3.11.0",
        "contentHash": "v/EW3UE8/lbEYHoC2Qq7AR/DnmvpgdtAMndfQNmpuIMx/Mto8L5JnuCfdBYtgvalQOtfNCnxFejxuRrryvUTsg=="
      },
      "Microsoft.CodeAnalysis.Common": {
        "type": "Transitive",
        "resolved": "5.0.0",
        "contentHash": "ZXRAdvH6GiDeHRyd3q/km8Z44RoM6FBWHd+gen/la81mVnAdHTEsEkO5J0TCNXBymAcx5UYKt5TvgKBhaLJEow==",
        "dependencies": {
          "Microsoft.CodeAnalysis.Analyzers": "3.11.0"
        }
      },
      "Microsoft.CodeAnalysis.Workspaces.Common": {
        "type": "Transitive",
        "resolved": "5.0.0",
        "contentHash": "ZbUmIvT6lqTNKiv06Jl5wf0MTMi1vQ1oH7ou4CLcs2C/no/L7EhP3T8y3XXvn9VbqMcJaJnEsNA1jwYUMgc5jg==",
        "dependencies": {
          "Humanizer.Core": "2.14.1",
          "Microsoft.CodeAnalysis.Analyzers": "3.11.0",
          "Microsoft.CodeAnalysis.Common": "[5.0.0]",
          "System.Composition": "9.0.0"
        }
      },
      "Microsoft.Extensions.AmbientMetadata.Application": {
        "type": "Transitive",
        "resolved": "10.4.0",
        "contentHash": "bovnONzrr/JIc+w343i857rJEb7cQH9UzEjbV5n67agWBEYICGQb8xiqYz5+GoFXp6mKEKLwYCQGttMU1p5yXQ=="
      },
      "Microsoft.Extensions.Compliance.Abstractions": {
        "type": "Transitive",
        "resolved": "10.4.0",
        "contentHash": "4WkknDbVrHNf+S6fwSt1OAXlGJ/G/QrtJlqx4aNzOLmeT3GRyxpGLZn+Q3UV+RMRAF6FfsijEZBg2ZAW8bTAkg=="
      },
      "Microsoft.Extensions.DependencyInjection.AutoActivation": {
        "type": "Transitive",
        "resolved": "10.4.0",
        "contentHash": "ksmUG2SFTcXzYdyoLOdeSM/qYLRGN6qbbSzYVkwMK9xsctfR1hYkUayeOpFCMd7L+QSlYX72mK9wxwdgQxyS4g=="
      },
      "Microsoft.Extensions.DependencyModel": {
        "type": "Transitive",
        "resolved": "10.0.0",
        "contentHash": "RFYJR7APio/BiqdQunRq6DB+nDB6nc2qhHr77mlvZ0q0BT8PubMXN7XicmfzCbrDE/dzhBnUKBRXLTcqUiZDGg=="
      },
      "Microsoft.Extensions.Diagnostics.ExceptionSummarization": {
        "type": "Transitive",
        "resolved": "10.4.0",
        "contentHash": "1/hQmONMWxRTKXuN0pQShQN9QsqIRTS1G4fdmKW0O9phuVZjyzIROQD9Fbfwyn2t+yvP8SzjatGAPX4jDRfgHg=="
      },
      "Microsoft.Extensions.Http.Diagnostics": {
        "type": "Transitive",
        "resolved": "10.4.0",
        "contentHash": "ybx2QcCWROCnUCbSj/IyHXn1c58brjjHzTTbueKgBl/qHsWk69mu25mjQ3oaMsO1I0+EcS6AhVuhIopL2q3IDw==",
        "dependencies": {
          "Microsoft.Extensions.Telemetry": "10.4.0"
        }
      },
      "Microsoft.Extensions.Resilience": {
        "type": "Transitive",
        "resolved": "10.4.0",
        "contentHash": "41CCbJJPsDWU6NsmKfANHkfT/+KCBlZZqQ1eBoQhhW0xqGCiWmUlMdi2BoaM/GcwKHX5WiQL/IESROmgk0Owfw==",
        "dependencies": {
          "Microsoft.Extensions.Diagnostics.ExceptionSummarization": "10.4.0",
          "Microsoft.Extensions.Telemetry.Abstractions": "10.4.0",
          "Polly.Extensions": "8.4.2",
          "Polly.RateLimiting": "8.4.2"
        }
      },
      "Microsoft.Extensions.ServiceDiscovery.Abstractions": {
        "type": "Transitive",
        "resolved": "10.4.0",
        "contentHash": "HkBb7cdi27tkQiQw1anQFbXe+A3pjRwDKgVbd/DD9fMAO2X9abK0FEyM/tNVXjW3lwOWl2tF+Xij/DqI6i+JTg=="
      },
      "Microsoft.Extensions.Telemetry": {
        "type": "Transitive",
        "resolved": "10.4.0",
        "contentHash": "AbHleTzdpGPjA6RpOjKVHEYx7SoBRnJ2bwAbbPa3aGB7HiVwBmeTJhBGhtIBiuIW0VpKDS8x+bV5iWqpBRIf4w==",
        "dependencies": {
          "Microsoft.Extensions.AmbientMetadata.Application": "10.4.0",
          "Microsoft.Extensions.DependencyInjection.AutoActivation": "10.4.0",
          "Microsoft.Extensions.Telemetry.Abstractions": "10.4.0"
        }
      },
      "Microsoft.Extensions.Telemetry.Abstractions": {
        "type": "Transitive",
        "resolved": "10.4.0",
        "contentHash": "3b2uVa4voJfLLg39BPCKQS0ZgnpEZFkKf7YmnMVlM5FQJYBPOuePIQdnEK1/Oxd+w3GscxGYuE7IMOXDwixZtQ==",
        "dependencies": {
          "Microsoft.Extensions.Compliance.Abstractions": "10.4.0"
        }
      },
      "Microsoft.Orleans.Analyzers": {
        "type": "Transitive",
        "resolved": "10.0.1",
        "contentHash": "MOXlI1e72944xqI9UA0oqgH7mdTPlRkuDll+zrahtE8+KF5KnwSvQ74/Aq5C89ktQcbcRWuJbWKZe49LpO4u2w=="
      },
      "Microsoft.Orleans.CodeGenerator": {
        "type": "Transitive",
        "resolved": "10.0.1",
        "contentHash": "rDIANk0B63GruZCTg9Dc5D4Ayh1Pur3sHIQOoiNqzMH6m2HoYWU4cZqKIn/rrYU/bCxMysU8dJ4Co7w0i7M4DA=="
      },
      "Microsoft.Orleans.Core": {
        "type": "Transitive",
        "resolved": "10.0.1",
        "contentHash": "4EHOODcMSrc4U3uldNpw5yD10vMc6QXXkE1VKSVYLOS4Yim8rXVofVsmJ1+nZgKQMi4RKpKD9Qsf+q468R/z3A==",
        "dependencies": {
          "Microsoft.CodeAnalysis.Analyzers": "3.11.0",
          "Microsoft.CodeAnalysis.Common": "5.0.0",
          "Microsoft.CodeAnalysis.Workspaces.Common": "5.0.0",
          "Microsoft.Extensions.DependencyModel": "10.0.0",
          "Microsoft.Orleans.Analyzers": "10.0.1",
          "Microsoft.Orleans.CodeGenerator": "10.0.1",
          "Microsoft.Orleans.Core.Abstractions": "10.0.1",
          "Newtonsoft.Json": "13.0.4",
          "System.IO.Hashing": "10.0.0",
          "System.Memory.Data": "10.0.0"
        }
      },
      "Microsoft.Orleans.Core.Abstractions": {
        "type": "Transitive",
        "resolved": "10.0.1",
        "contentHash": "tybxcwIauLvUBCeWjAtoaoRuFVvBBgETN9BIxcyN9wNpBkVj6TmThZxzpB2eMjMi22R2ackowZeCuuurE7bvMw==",
        "dependencies": {
          "Microsoft.CodeAnalysis.Analyzers": "3.11.0",
          "Microsoft.CodeAnalysis.Common": "5.0.0",
          "Microsoft.CodeAnalysis.Workspaces.Common": "5.0.0",
          "Microsoft.Extensions.DependencyModel": "10.0.0",
          "Microsoft.Orleans.Analyzers": "10.0.1",
          "Microsoft.Orleans.CodeGenerator": "10.0.1",
          "Microsoft.Orleans.Serialization": "10.0.1",
          "System.IO.Hashing": "10.0.0"
        }
      },
      "Microsoft.Orleans.Persistence.Memory": {
        "type": "Transitive",
        "resolved": "10.0.1",
        "contentHash": "P8UsWbe123I7nna0H7yLwWgQLIAlNFPhVowRek7MHBdynHpUVjXAfDg9XspfGQlDFGbek6izn8vYvaGR2vWcNQ==",
        "dependencies": {
          "Microsoft.CodeAnalysis.Analyzers": "3.11.0",
          "Microsoft.CodeAnalysis.Common": "5.0.0",
          "Microsoft.CodeAnalysis.Workspaces.Common": "5.0.0",
          "Microsoft.Extensions.DependencyModel": "10.0.0",
          "Microsoft.Orleans.Analyzers": "10.0.1",
          "Microsoft.Orleans.CodeGenerator": "10.0.1",
          "Microsoft.Orleans.Runtime": "10.0.1",
          "Newtonsoft.Json": "13.0.4",
          "System.IO.Hashing": "10.0.0",
          "System.Memory.Data": "10.0.0"
        }
      },
      "Microsoft.Orleans.Serialization": {
        "type": "Transitive",
        "resolved": "10.0.1",
        "contentHash": "gFAXf2YlLSvC3fs6Fvujm3VX07w/OLFtIy2eom17Bsx2srlan3UBnwzpl4ULIF0ris+apVdUoo2M1o+Im3MJmQ==",
        "dependencies": {
          "Microsoft.CodeAnalysis.Analyzers": "3.11.0",
          "Microsoft.CodeAnalysis.Common": "5.0.0",
          "Microsoft.CodeAnalysis.Workspaces.Common": "5.0.0",
          "Microsoft.Extensions.DependencyModel": "10.0.0",
          "Microsoft.Orleans.Analyzers": "10.0.1",
          "Microsoft.Orleans.CodeGenerator": "10.0.1",
          "Microsoft.Orleans.Serialization.Abstractions": "10.0.1",
          "System.IO.Hashing": "10.0.0"
        }
      },
      "Microsoft.Orleans.Serialization.Abstractions": {
        "type": "Transitive",
        "resolved": "10.0.1",
        "contentHash": "2diyHF3jIHRvSmdVH7E0OxLIAUyYzVWcK2LWqKxshKMnPmqlYKZQBUOKKfODTha89DdP9prasF5BmDH5rot7zg=="
      },
      "Newtonsoft.Json": {
        "type": "Transitive",
        "resolved": "13.0.4",
        "contentHash": "pdgNNMai3zv51W5aq268sujXUyx7SNdE2bj1wZcWjAQrKMFZV260lbqYop1d2GM67JI1huLRwxo9ZqnfF/lC6A=="
      },
      "OpenTelemetry": {
        "type": "Transitive",
        "resolved": "1.15.2",
        "contentHash": "XwXZR69HnMBwwzvVg6ONRoPl5jeSFJkqOftHLcbSvl9DG6vY1j0OJut3cHu9Vmc5r2zgEDIQclAqpDtbhPNQZA==",
        "dependencies": {
          "OpenTelemetry.Api.ProviderBuilderExtensions": "1.15.2"
        }
      },
      "OpenTelemetry.Api": {
        "type": "Transitive",
        "resolved": "1.15.2",
        "contentHash": "7zeBVUVhVyVjzOUvEj8o+NkpEOKq77zjxH8akZBlN9LjuaSPUW/yV4EJrs393wxSLWC4eun1qwTN9NY21k5ixQ=="
      },
      "OpenTelemetry.Api.ProviderBuilderExtensions": {
        "type": "Transitive",
        "resolved": "1.15.2",
        "contentHash": "+UIz3GpBUrapW5IRnvPGdvVhhvW686lbIcNo/7ENOjB++djsdEsFxILTFYJ673cU0l8Da/OtV+IcE49OKJUM5w==",
        "dependencies": {
          "OpenTelemetry.Api": "1.15.2"
        }
      },
      "Polly.Core": {
        "type": "Transitive",
        "resolved": "8.4.2",
        "contentHash": "BpE2I6HBYYA5tF0Vn4eoQOGYTYIK1BlF5EXVgkWGn3mqUUjbXAr13J6fZVbp7Q3epRR8yshacBMlsHMhpOiV3g=="
      },
      "Polly.Extensions": {
        "type": "Transitive",
        "resolved": "8.4.2",
        "contentHash": "GZ9vRVmR0jV2JtZavt+pGUsQ1O1cuRKG7R7VOZI6ZDy9y6RNPvRvXK1tuS4ffUrv8L0FTea59oEuQzgS0R7zSA==",
        "dependencies": {
          "Polly.Core": "8.4.2"
        }
      },
      "Polly.RateLimiting": {
        "type": "Transitive",
        "resolved": "8.4.2",
        "contentHash": "ehTImQ/eUyO07VYW2WvwSmU9rRH200SKJ/3jku9rOkyWE0A2JxNFmAVms8dSn49QLSjmjFRRSgfNyOgr/2PSmA==",
        "dependencies": {
          "Polly.Core": "8.4.2"
        }
      },
      "System.Composition": {
        "type": "Transitive",
        "resolved": "9.0.0",
        "contentHash": "3Djj70fFTraOarSKmRnmRy/zm4YurICm+kiCtI0dYRqGJnLX6nJ+G3WYuFJ173cAPax/gh96REcbNiVqcrypFQ==",
        "dependencies": {
          "System.Composition.AttributedModel": "9.0.0",
          "System.Composition.Convention": "9.0.0",
          "System.Composition.Hosting": "9.0.0",
          "System.Composition.Runtime": "9.0.0",
          "System.Composition.TypedParts": "9.0.0"
        }
      },
      "System.Composition.AttributedModel": {
        "type": "Transitive",
        "resolved": "9.0.0",
        "contentHash": "iri00l/zIX9g4lHMY+Nz0qV1n40+jFYAmgsaiNn16xvt2RDwlqByNG4wgblagnDYxm3YSQQ0jLlC/7Xlk9CzyA=="
      },
      "System.Composition.Convention": {
        "type": "Transitive",
        "resolved": "9.0.0",
        "contentHash": "+vuqVP6xpi582XIjJi6OCsIxuoTZfR0M7WWufk3uGDeCl3wGW6KnpylUJ3iiXdPByPE0vR5TjJgR6hDLez4FQg==",
        "dependencies": {
          "System.Composition.AttributedModel": "9.0.0"
        }
      },
      "System.Composition.Hosting": {
        "type": "Transitive",
        "resolved": "9.0.0",
        "contentHash": "OFqSeFeJYr7kHxDfaViGM1ymk7d4JxK//VSoNF9Ux0gpqkLsauDZpu89kTHHNdCWfSljbFcvAafGyBoY094btQ==",
        "dependencies": {
          "System.Composition.Runtime": "9.0.0"
        }
      },
      "System.Composition.Runtime": {
        "type": "Transitive",
        "resolved": "9.0.0",
        "contentHash": "w1HOlQY1zsOWYussjFGZCEYF2UZXgvoYnS94NIu2CBnAGMbXFAX8PY8c92KwUItPmowal68jnVLBCzdrWLeEKA=="
      },
      "System.Composition.TypedParts": {
        "type": "Transitive",
        "resolved": "9.0.0",
        "contentHash": "aRZlojCCGEHDKqh43jaDgaVpYETsgd7Nx4g1zwLKMtv4iTo0627715ajEFNpEEBTgLmvZuv8K0EVxc3sM4NWJA==",
        "dependencies": {
          "System.Composition.AttributedModel": "9.0.0",
          "System.Composition.Hosting": "9.0.0",
          "System.Composition.Runtime": "9.0.0"
        }
      },
      "System.IO.Hashing": {
        "type": "Transitive",
        "resolved": "10.0.0",
        "contentHash": "MqSp5IfX9RdWVwTED0WSRL1kZDNB7GlFj64O/NAJs4uO1beBHWEAFLlC7j8Fw/PkI+SUzooLVNvAe4aEkSwsRg=="
      },
      "System.Memory.Data": {
        "type": "Transitive",
        "resolved": "10.0.0",
        "contentHash": "r+m+05b+TndDQIN6/yMkotk7wNsUPpYgLKOac8QR9DdU9gcPTJIU1RoyXY8otCqPxH55XF4hewEt6lJu0lSz3Q=="
      },
      "System.Numerics.Tensors": {
        "type": "Transitive",
        "resolved": "10.0.4",
        "contentHash": "EK8wJVxnVfeCzchnEqVjIfZDpVIcmjfjUs9x1nzI41X2naPGT57QjoHlQJma2vDQUxEtPQiGv/v90mwcflx6mQ=="
      },
      "weave.agents": {
        "type": "Project",
        "dependencies": {
          "Microsoft.Extensions.AI": "[10.4.1, )",
          "Microsoft.Extensions.AI.Abstractions": "[10.4.1, )",
          "Microsoft.Orleans.Sdk": "[10.0.1, )",
          "Microsoft.Orleans.Server": "[10.0.1, )",
          "Weave.Security": "[1.0.0, )",
          "Weave.Shared": "[1.0.0, )",
          "Weave.Tools": "[1.0.0, )",
          "Weave.Workspaces": "[1.0.0, )"
        }
      },
      "weave.deploy": {
        "type": "Project",
        "dependencies": {
          "Weave.Shared": "[1.0.0, )",
          "Weave.Workspaces": "[1.0.0, )"
        }
      },
      "weave.security": {
        "type": "Project",
        "dependencies": {
          "Microsoft.Orleans.Sdk": "[10.0.1, )",
          "Weave.Shared": "[1.0.0, )"
        }
      },
      "weave.servicedefaults": {
        "type": "Project",
        "dependencies": {
          "Microsoft.Extensions.Http.Resilience": "[10.4.0, )",
          "Microsoft.Extensions.ServiceDiscovery": "[10.4.0, )",
          "OpenTelemetry.Exporter.OpenTelemetryProtocol": "[1.15.2, )",
          "OpenTelemetry.Extensions.Hosting": "[1.15.2, )",
          "OpenTelemetry.Instrumentation.AspNetCore": "[1.15.1, )",
          "OpenTelemetry.Instrumentation.Http": "[1.15.0, )",
          "OpenTelemetry.Instrumentation.Runtime": "[1.15.0, )"
        }
      },
      "weave.shared": {
        "type": "Project",
        "dependencies": {
          "Microsoft.Extensions.AI.Abstractions": "[10.4.1, )",
          "Microsoft.Orleans.Sdk": "[10.0.1, )"
        }
      },
      "weave.tools": {
        "type": "Project",
        "dependencies": {
          "Microsoft.Orleans.Sdk": "[10.0.1, )",
          "Weave.Security": "[1.0.0, )",
          "Weave.Shared": "[1.0.0, )",
          "Weave.Workspaces": "[1.0.0, )"
        }
      },
      "weave.workspaces": {
        "type": "Project",
        "dependencies": {
          "Microsoft.Orleans.Runtime": "[10.0.1, )",
          "Microsoft.Orleans.Sdk": "[10.0.1, )",
          "Weave.Shared": "[1.0.0, )"
        }
      },
      "Microsoft.Extensions.AI": {
        "type": "CentralTransitive",
        "requested": "[10.4.1, )",
        "resolved": "10.4.1",
        "contentHash": "io38o6v3Tpbh++UqIcievOOTRwEyBpbNcudpZDjOo+DnAEQQvc3WqlChPipWLYH65cl9m8jiqH6ahHeasZzmOA==",
        "dependencies": {
          "Microsoft.Extensions.AI.Abstractions": "10.4.1",
          "System.Numerics.Tensors": "10.0.4"
        }
      },
      "Microsoft.Extensions.AI.Abstractions": {
        "type": "CentralTransitive",
        "requested": "[10.4.1, )",
        "resolved": "10.4.1",
        "contentHash": "ZxhU/wg9BOc3ohibhLl18toPLWm96ysQoE+3OhCgrZ0TUPZd7bsUmGteeatz08yweyuPIEhtyUzEZTF+3bMWEQ=="
      },
      "Microsoft.Extensions.Http.Resilience": {
        "type": "CentralTransitive",
        "requested": "[10.4.0, )",
        "resolved": "10.4.0",
        "contentHash": "HbkUsPUC7vLy2TaDbdA9aooW64n9yX4sUppRuiJ1cOzzU1FUW+MVEotm6kYVq6AuUI9xwFSBhRFzA03blmk3VA==",
        "dependencies": {
          "Microsoft.Extensions.Http.Diagnostics": "10.4.0",
          "Microsoft.Extensions.Resilience": "10.4.0"
        }
      },
      "Microsoft.Extensions.ServiceDiscovery": {
        "type": "CentralTransitive",
        "requested": "[10.4.0, )",
        "resolved": "10.4.0",
        "contentHash": "RznZAH6L4RNvroECT5JpqfFQJjHTn+8N7+ThSgYutbshkuymFeL/uBIZt1CM8LOdpPPhn4//a5fLUah9/k7ayQ==",
        "dependencies": {
          "Microsoft.Extensions.ServiceDiscovery.Abstractions": "10.4.0"
        }
      },
      "Microsoft.Orleans.Runtime": {
        "type": "CentralTransitive",
        "requested": "[10.0.1, )",
        "resolved": "10.0.1",
        "contentHash": "CBEqqsfmocneaKcn2IIwiknVbC3to7awxIg8TkCbO3BEcRbwUh56ryx17GRdb/c0/4eaTg1aXbekMd+D8Afmeg==",
        "dependencies": {
          "Microsoft.CodeAnalysis.Analyzers": "3.11.0",
          "Microsoft.CodeAnalysis.Common": "5.0.0",
          "Microsoft.CodeAnalysis.Workspaces.Common": "5.0.0",
          "Microsoft.Extensions.DependencyModel": "10.0.0",
          "Microsoft.Orleans.Analyzers": "10.0.1",
          "Microsoft.Orleans.CodeGenerator": "10.0.1",
          "Microsoft.Orleans.Core": "10.0.1",
          "Newtonsoft.Json": "13.0.4",
          "System.IO.Hashing": "10.0.0",
          "System.Memory.Data": "10.0.0"
        }
      },
      "Microsoft.Orleans.Sdk": {
        "type": "CentralTransitive",
        "requested": "[10.0.1, )",
        "resolved": "10.0.1",
        "contentHash": "giZtpw5oP5RiyqFt4JX61CCmVFInNWkj7ZI0qY7/EicyJ8JF+Yt0uJNqaee4w4v61tXNRlYwz/w9G3BTZdB+tg==",
        "dependencies": {
          "Microsoft.CodeAnalysis.Analyzers": "3.11.0",
          "Microsoft.CodeAnalysis.Common": "5.0.0",
          "Microsoft.CodeAnalysis.Workspaces.Common": "5.0.0",
          "Microsoft.Extensions.DependencyModel": "10.0.0",
          "Microsoft.Orleans.Analyzers": "10.0.1",
          "Microsoft.Orleans.CodeGenerator": "10.0.1",
          "Microsoft.Orleans.Core": "10.0.1",
          "Newtonsoft.Json": "13.0.4",
          "System.IO.Hashing": "10.0.0",
          "System.Memory.Data": "10.0.0"
        }
      },
      "Microsoft.Orleans.Server": {
        "type": "CentralTransitive",
        "requested": "[10.0.1, )",
        "resolved": "10.0.1",
        "contentHash": "eCZfFSCErvXL3M/hF2xTHb34NXkGMcoeQJo9I6MwIDQOwaIf8EXbvDy5U2GJPJP+wnB/wbBMrOJkmGK+lHX12Q==",
        "dependencies": {
          "Microsoft.CodeAnalysis.Analyzers": "3.11.0",
          "Microsoft.CodeAnalysis.Common": "5.0.0",
          "Microsoft.CodeAnalysis.Workspaces.Common": "5.0.0",
          "Microsoft.Extensions.DependencyModel": "10.0.0",
          "Microsoft.Orleans.Persistence.Memory": "10.0.1",
          "Microsoft.Orleans.Runtime": "10.0.1",
          "Microsoft.Orleans.Sdk": "10.0.1",
          "Newtonsoft.Json": "13.0.4",
          "System.IO.Hashing": "10.0.0",
          "System.Memory.Data": "10.0.0"
        }
      },
      "OpenTelemetry.Exporter.OpenTelemetryProtocol": {
        "type": "CentralTransitive",
        "requested": "[1.15.2, )",
        "resolved": "1.15.2",
        "contentHash": "qHAkKEGQ0REcwFP/gmldTbo3NxgG+0R6od5N7ndyXuJYqWRaWF38bko0KQkK57skSapMUXS8twQbHNMEEYCKLg==",
        "dependencies": {
          "OpenTelemetry": "1.15.2"
        }
      },
      "OpenTelemetry.Extensions.Hosting": {
        "type": "CentralTransitive",
        "requested": "[1.15.2, )",
        "resolved": "1.15.2",
        "contentHash": "T2nEP/lABOab8w8espx5biYGghw8errNlhhMLYmoXEhGT6EGB4CNhZInJPC+tOvlGUGFe54NM3TdSATxebwJ8g==",
        "dependencies": {
          "OpenTelemetry": "1.15.2"
        }
      },
      "OpenTelemetry.Instrumentation.AspNetCore": {
        "type": "CentralTransitive",
        "requested": "[1.15.1, )",
        "resolved": "1.15.1",
        "contentHash": "wXaZTu6LHY8xcbRd6ClcrtjHqGVoGYCcArXEZA3iUjUcYSVYwDGyPU0PdkwTfylxv8JeCCVDQhVb0fT7xBJjGA==",
        "dependencies": {
          "OpenTelemetry.Api.ProviderBuilderExtensions": "[1.15.0, 2.0.0)"
        }
      },
      "OpenTelemetry.Instrumentation.Http": {
        "type": "CentralTransitive",
        "requested": "[1.15.0, )",
        "resolved": "1.15.0",
        "contentHash": "uToc7bUp8IEdb0ny9mKsL6FrrYelINPzxxiSShJgOf4XmQc4Azww6S5RjRj24YhsOn2a1MABOrxfVTZXtDk4Eg==",
        "dependencies": {
          "OpenTelemetry.Api.ProviderBuilderExtensions": "[1.15.0, 2.0.0)"
        }
      },
      "OpenTelemetry.Instrumentation.Runtime": {
        "type": "CentralTransitive",
        "requested": "[1.15.0, )",
        "resolved": "1.15.0",
        "contentHash": "OOvpqR/j2Pb6+tWhHNODIbSJ53Or/MDtTiXEyrsWI02K2lLAgvBFcxUOrHggS/8015cYR3AdSaXv6NZrkz5yQA==",
        "dependencies": {
          "OpenTelemetry.Api": "[1.15.0, 2.0.0)"
        }
      }
    }
  }
}