{
  "version": 2,
  "dependencies": {
    "net10.0": {
      "Microsoft.AspNetCore.App.Internal.Assets": {
        "type": "Direct",
        "requested": "[10.0.7, )",
        "resolved": "10.0.7",
        "contentHash": "ao3i+ks0uOQ7FWacI1hqHkUczebmXrGkUB63Xhkc34QbSzG9nYBlDv9v5l6rtCrHMsDW+13kZlpJrSj1HXddqg=="
      },
      "Microsoft.FluentUI.AspNetCore.Components": {
        "type": "Direct",
        "requested": "[4.14.1, )",
        "resolved": "4.14.1",
        "contentHash": "dfP20+kxwiI8Ppgp1SDwfsv/QImi5CPqq9oRzP0YdvJ8b+Gtgtrrcm87+2P5hxEEyRsTn3y4Hy+lafOhy+JdAQ=="
      },
      "Microsoft.FluentUI.AspNetCore.Components.Icons": {
        "type": "Direct",
        "requested": "[4.14.1, )",
        "resolved": "4.14.1",
        "contentHash": "l/BMGYhnEemHJKw3By2gjSDE5Ba5ie2otr3+sXwpqktJ4PZvYP6vO4WuaVTKKlx++J8CBenz8UT0eem6M0x7vg==",
        "dependencies": {
          "Microsoft.FluentUI.AspNetCore.Components": "4.12.0"
        }
      },
      "Microsoft.NET.ILLink.Tasks": {
        "type": "Direct",
        "requested": "[10.0.7, )",
        "resolved": "10.0.7",
        "contentHash": "AA/yhzFHNtQZXLdqjzujPy25G8EWwGWsAnxOE2zYSBoT/8QHP6ketN3CToD3DFreO653ipUwnKHo22B8AlBMCw=="
      },
      "Microsoft.Orleans.Client": {
        "type": "Direct",
        "requested": "[10.1.0, )",
        "resolved": "10.1.0",
        "contentHash": "3UhikoW9TwBwZEv1xVuTxYn05X5dz2OQaUatlJR6emuzHr4wvudE9YlqixtueHvnAClUtQhFGV+RismxRO+tdw==",
        "dependencies": {
          "Microsoft.CodeAnalysis.Analyzers": "3.11.0",
          "Microsoft.CodeAnalysis.Common": "5.0.0",
          "Microsoft.CodeAnalysis.Workspaces.Common": "5.0.0",
          "Microsoft.Extensions.DependencyModel": "10.0.3",
          "Microsoft.Orleans.Sdk": "10.1.0",
          "Newtonsoft.Json": "13.0.4",
          "System.IO.Hashing": "10.0.3",
          "System.Memory.Data": "10.0.3"
        }
      },
      "Humanizer.Core": {
        "type": "Transitive",
        "resolved": "2.14.1",
        "contentHash": "lQKvtaTDOXnoVJ20ibTuSIOf2i0uO0MPbDhd1jm238I+U/2ZnRENj0cktKZhtchBMtCUSRQ5v4xBCUbKNmyVMw=="
      },
      "Microsoft.CodeAnalysis.Analyzers": {
        "type": "Transitive",
        "resolved": "3.11.0",
        "contentHash": "v/EW3UE8/lbEYHoC2Qq7AR/DnmvpgdtAMndfQNmpuIMx/Mto8L5JnuCfdBYtgvalQOtfNCnxFejxuRrryvUTsg=="
      },
      "Microsoft.CodeAnalysis.Common": {
        "type": "Transitive",
        "resolved": "5.0.0",
        "contentHash": "ZXRAdvH6GiDeHRyd3q/km8Z44RoM6FBWHd+gen/la81mVnAdHTEsEkO5J0TCNXBymAcx5UYKt5TvgKBhaLJEow==",
        "dependencies": {
          "Microsoft.CodeAnalysis.Analyzers": "3.11.0"
        }
      },
      "Microsoft.CodeAnalysis.Workspaces.Common": {
        "type": "Transitive",
        "resolved": "5.0.0",
        "contentHash": "ZbUmIvT6lqTNKiv06Jl5wf0MTMi1vQ1oH7ou4CLcs2C/no/L7EhP3T8y3XXvn9VbqMcJaJnEsNA1jwYUMgc5jg==",
        "dependencies": {
          "Humanizer.Core": "2.14.1",
          "Microsoft.CodeAnalysis.Analyzers": "3.11.0",
          "Microsoft.CodeAnalysis.Common": "[5.0.0]",
          "System.Composition": "9.0.0"
        }
      },
      "Microsoft.Data.Sqlite.Core": {
        "type": "Transitive",
        "resolved": "10.0.7",
        "contentHash": "xVrtBg3M1wJlBDkoT0dXEYB/wSc8bIHJPYtw/bu1AqpWgF79uPSs87DAhERR/Ilumre6TKZa1cjMg3VUUObVLA==",
        "dependencies": {
          "SQLitePCLRaw.core": "2.1.11"
        }
      },
      "Microsoft.Extensions.AmbientMetadata.Application": {
        "type": "Transitive",
        "resolved": "10.5.0",
        "contentHash": "lCJjEDknSYeTXB133DwLNwXYA6q9nzJiJFjQb1KO1n3sS6wHfROm6zqG6y3UthQP5oPnNbE1a7M15LpjSf5yBg=="
      },
      "Microsoft.Extensions.Compliance.Abstractions": {
        "type": "Transitive",
        "resolved": "10.5.0",
        "contentHash": "xbWZji13Vb2jDJNtwVrKpI09jd8x3n3fL+GzhiLK+8O5Wc2A+GyqCZalST2fV46Pf0QfCwkXf83y+3/rDkCd7A=="
      },
      "Microsoft.Extensions.DependencyInjection.AutoActivation": {
        "type": "Transitive",
        "resolved": "10.5.0",
        "contentHash": "vby/PzPScy9pX3r3f5UuHutxSr4Q8SXqyIiH6+JEK7SVpTCL6f8R9mp04OUVsZLlsME2rBjA9PHXf9L9aG7wbg=="
      },
      "Microsoft.Extensions.DependencyModel": {
        "type": "Transitive",
        "resolved": "10.0.3",
        "contentHash": "31kRjr1fgdJO1UZ/AsjL2noqwht+juHMQ8c/oh8CEsDhlM2+0zwVZVsZjxSfOFiPtn5+6kRGuvSbLAufAPT0kA=="
      },
      "Microsoft.Extensions.Diagnostics.ExceptionSummarization": {
        "type": "Transitive",
        "resolved": "10.5.0",
        "contentHash": "+jdC9YUfMkX9/Yb3Pi8Kovt1nFVGGB2UqSHZgLapo63d+WAhYf9KiuNA3jiaaRINhVyCgWuKFoMtjWKET5oXEQ=="
      },
      "Microsoft.Extensions.Http.Diagnostics": {
        "type": "Transitive",
        "resolved": "10.5.0",
        "contentHash": "HoWdJKvBt7vkLlclRbjDTXcCp3s9hwFf1CY4ovlmMKFAbKSI7zKl0fUQ4LMvUI3sHIhpEtMjp7Mxjaf/yEmVvQ==",
        "dependencies": {
          "Microsoft.Extensions.Telemetry": "10.5.0"
        }
      },
      "Microsoft.Extensions.Resilience": {
        "type": "Transitive",
        "resolved": "10.5.0",
        "contentHash": "yjbGQkSqLkP8/lKZLfaUcdkNUpWUqMafCsm56kw9uzznhJb/uJiIRy5/zG9D0SFsBzJkz2AcvWU2J/MJydPxoA==",
        "dependencies": {
          "Microsoft.Extensions.Diagnostics.ExceptionSummarization": "10.5.0",
          "Microsoft.Extensions.Telemetry.Abstractions": "10.5.0",
          "Polly.Extensions": "8.4.2",
          "Polly.RateLimiting": "8.4.2"
        }
      },
      "Microsoft.Extensions.ServiceDiscovery.Abstractions": {
        "type": "Transitive",
        "resolved": "10.5.0",
        "contentHash": "XWr8wCt2wC+HtonJoqZJB4Iwg2alfbDkgqgoBZv2dHcjNirYujEzSPwDexMYVYIMegaOECmMXdwPuyWlcwrODw=="
      },
      "Microsoft.Extensions.Telemetry": {
        "type": "Transitive",
        "resolved": "10.5.0",
        "contentHash": "jI7b9rkfoz06ZEQols6WG3D0iQMIbtRDHkx1F7QvQOSDmzyXLwUIBbJEO8ftr7aD/2tvsHplqycp+WXFvMfujg==",
        "dependencies": {
          "Microsoft.Extensions.AmbientMetadata.Application": "10.5.0",
          "Microsoft.Extensions.DependencyInjection.AutoActivation": "10.5.0",
          "Microsoft.Extensions.Telemetry.Abstractions": "10.5.0"
        }
      },
      "Microsoft.Extensions.Telemetry.Abstractions": {
        "type": "Transitive",
        "resolved": "10.5.0",
        "contentHash": "VmU7e6xHqoubWKl7y9MtWyQAjlDpvbds3gY8ZKMS/1GxY2+U1/aMNnMj09aOXAa3p5qhHSSkBzDJvyokCjVkPg==",
        "dependencies": {
          "Microsoft.Extensions.Compliance.Abstractions": "10.5.0"
        }
      },
      "Microsoft.Orleans.Analyzers": {
        "type": "Transitive",
        "resolved": "10.1.0",
        "contentHash": "66KYgO0kFFzozC54xQoSypAB4oJ2WKnMZ0ZIUtR4SuSoTCuy5NfIsL9oyiU/S0Zo3NSlXrYY/Zfmv/cwC4dYaw=="
      },
      "Microsoft.Orleans.CodeGenerator": {
        "type": "Transitive",
        "resolved": "10.1.0",
        "contentHash": "6bLb87arLNOCEi4bg7jOSJcPxw9RtpacXOHV6LQC9IIf6vX6975YLFmjiD+Hqy4IV8HK3qL4pk3PXY4NW0SBbw=="
      },
      "Microsoft.Orleans.Core": {
        "type": "Transitive",
        "resolved": "10.1.0",
        "contentHash": "aaFZ7XDzm4iIEgrwrojXaiLENQtVb22s/LeRVCJF9A270HmZASi8apF4y+zlAEqnD57VMw3JDXW7uBIjlKwq3w==",
        "dependencies": {
          "Microsoft.CodeAnalysis.Analyzers": "3.11.0",
          "Microsoft.CodeAnalysis.Common": "5.0.0",
          "Microsoft.CodeAnalysis.Workspaces.Common": "5.0.0",
          "Microsoft.Extensions.DependencyModel": "10.0.3",
          "Microsoft.Orleans.Analyzers": "10.1.0",
          "Microsoft.Orleans.CodeGenerator": "10.1.0",
          "Microsoft.Orleans.Core.Abstractions": "10.1.0",
          "Newtonsoft.Json": "13.0.4",
          "System.IO.Hashing": "10.0.3",
          "System.Memory.Data": "10.0.3"
        }
      },
      "Microsoft.Orleans.Core.Abstractions": {
        "type": "Transitive",
        "resolved": "10.1.0",
        "contentHash": "aik7fJFyDHuLgXzzyHc63rWoxBdIttehggZRe5q16/lmVIQ3v51yoyjE8xaH++oSkuYcpz3z+KpKdYyrBBA3PA==",
        "dependencies": {
          "Microsoft.CodeAnalysis.Analyzers": "3.11.0",
          "Microsoft.CodeAnalysis.Common": "5.0.0",
          "Microsoft.CodeAnalysis.Workspaces.Common": "5.0.0",
          "Microsoft.Extensions.DependencyModel": "10.0.3",
          "Microsoft.Orleans.Analyzers": "10.1.0",
          "Microsoft.Orleans.CodeGenerator": "10.1.0",
          "Microsoft.Orleans.Serialization": "10.1.0",
          "System.IO.Hashing": "10.0.3"
        }
      },
      "Microsoft.Orleans.Serialization": {
        "type": "Transitive",
        "resolved": "10.1.0",
        "contentHash": "kEVMZVUWwTpQcmlf+KNEM22xGNsRNsDryq1Wm93QvQpRRkVwbFf0vPFlPgyrhSgqQiS/ZJvxu/NReGgBPp3FVg==",
        "dependencies": {
          "Microsoft.CodeAnalysis.Analyzers": "3.11.0",
          "Microsoft.CodeAnalysis.Common": "5.0.0",
          "Microsoft.CodeAnalysis.Workspaces.Common": "5.0.0",
          "Microsoft.Extensions.DependencyModel": "10.0.3",
          "Microsoft.Orleans.Analyzers": "10.1.0",
          "Microsoft.Orleans.CodeGenerator": "10.1.0",
          "Microsoft.Orleans.Serialization.Abstractions": "10.1.0",
          "System.IO.Hashing": "10.0.3"
        }
      },
      "Microsoft.Orleans.Serialization.Abstractions": {
        "type": "Transitive",
        "resolved": "10.1.0",
        "contentHash": "+OqJ86TeiCN3ri+fNlymd7Q+LZBf+3F2Xdq+rngDc2q+vKF7dWP5L4H0ss3LHs07Otzm3lUGt8b2Co1eSvDI5A=="
      },
      "Newtonsoft.Json": {
        "type": "Transitive",
        "resolved": "13.0.4",
        "contentHash": "pdgNNMai3zv51W5aq268sujXUyx7SNdE2bj1wZcWjAQrKMFZV260lbqYop1d2GM67JI1huLRwxo9ZqnfF/lC6A=="
      },
      "OpenTelemetry": {
        "type": "Transitive",
        "resolved": "1.15.3",
        "contentHash": "N0i6WjPoHPbZyms1ugbDIFAJFuGlpeExJMU/+XSL0lQRUkg/D0utFkDoLXf8Z1km5B+xVZ2GyMXXiX8qdeNmPg==",
        "dependencies": {
          "OpenTelemetry.Api.ProviderBuilderExtensions": "1.15.3"
        }
      },
      "OpenTelemetry.Api": {
        "type": "Transitive",
        "resolved": "1.15.3",
        "contentHash": "fX+fkCysfPut+qCcT3bKqyX4QN9Saf4CgX8HLOHywEVD+Xr7sULtfuypITpoDysjx8R59dn/3mWhgimMH8cm/g=="
      },
      "OpenTelemetry.Api.ProviderBuilderExtensions": {
        "type": "Transitive",
        "resolved": "1.15.3",
        "contentHash": "SYn0lqYDwLMWhv/zlNGsQcl2yX++yTumanX46bmOZE/ZDOd1WjPBO2kZaZgKLEZTZk48pavIFGJ6vOvxXgWVFQ==",
        "dependencies": {
          "OpenTelemetry.Api": "1.15.3"
        }
      },
      "Polly.Core": {
        "type": "Transitive",
        "resolved": "8.4.2",
        "contentHash": "BpE2I6HBYYA5tF0Vn4eoQOGYTYIK1BlF5EXVgkWGn3mqUUjbXAr13J6fZVbp7Q3epRR8yshacBMlsHMhpOiV3g=="
      },
      "Polly.Extensions": {
        "type": "Transitive",
        "resolved": "8.4.2",
        "contentHash": "GZ9vRVmR0jV2JtZavt+pGUsQ1O1cuRKG7R7VOZI6ZDy9y6RNPvRvXK1tuS4ffUrv8L0FTea59oEuQzgS0R7zSA==",
        "dependencies": {
          "Polly.Core": "8.4.2"
        }
      },
      "Polly.RateLimiting": {
        "type": "Transitive",
        "resolved": "8.4.2",
        "contentHash": "ehTImQ/eUyO07VYW2WvwSmU9rRH200SKJ/3jku9rOkyWE0A2JxNFmAVms8dSn49QLSjmjFRRSgfNyOgr/2PSmA==",
        "dependencies": {
          "Polly.Core": "8.4.2"
        }
      },
      "SQLitePCLRaw.bundle_e_sqlite3": {
        "type": "Transitive",
        "resolved": "2.1.11",
        "contentHash": "DC4nA7yWnf4UZdgJDF+9Mus4/cb0Y3Sfgi3gDnAoKNAIBwzkskNAbNbyu+u4atT0ruVlZNJfwZmwiEwE5oz9LQ==",
        "dependencies": {
          "SQLitePCLRaw.lib.e_sqlite3": "2.1.11",
          "SQLitePCLRaw.provider.e_sqlite3": "2.1.11"
        }
      },
      "SQLitePCLRaw.core": {
        "type": "Transitive",
        "resolved": "2.1.11",
        "contentHash": "PK0GLFkfhZzLQeR3PJf71FmhtHox+U3vcY6ZtswoMjrefkB9k6ErNJEnwXqc5KgXDSjige2XXrezqS39gkpQKA=="
      },
      "SQLitePCLRaw.lib.e_sqlite3": {
        "type": "Transitive",
        "resolved": "2.1.11",
        "contentHash": "Ev2ytaXiOlWZ4b3R67GZBsemTINslLD1DCJr2xiacpn4tbapu0Q4dHEzSvZSMnVWeE5nlObU3VZN2p81q3XOYQ=="
      },
      "SQLitePCLRaw.provider.e_sqlite3": {
        "type": "Transitive",
        "resolved": "2.1.11",
        "contentHash": "Y/0ZkR+r0Cg3DQFuCl1RBnv/tmxpIZRU3HUvelPw6MVaKHwYYR8YNvgs0vuNuXCMvlyJ+Fh88U1D4tah1tt6qw==",
        "dependencies": {
          "SQLitePCLRaw.core": "2.1.11"
        }
      },
      "System.Composition": {
        "type": "Transitive",
        "resolved": "9.0.0",
        "contentHash": "3Djj70fFTraOarSKmRnmRy/zm4YurICm+kiCtI0dYRqGJnLX6nJ+G3WYuFJ173cAPax/gh96REcbNiVqcrypFQ==",
        "dependencies": {
          "System.Composition.AttributedModel": "9.0.0",
          "System.Composition.Convention": "9.0.0",
          "System.Composition.Hosting": "9.0.0",
          "System.Composition.Runtime": "9.0.0",
          "System.Composition.TypedParts": "9.0.0"
        }
      },
      "System.Composition.AttributedModel": {
        "type": "Transitive",
        "resolved": "9.0.0",
        "contentHash": "iri00l/zIX9g4lHMY+Nz0qV1n40+jFYAmgsaiNn16xvt2RDwlqByNG4wgblagnDYxm3YSQQ0jLlC/7Xlk9CzyA=="
      },
      "System.Composition.Convention": {
        "type": "Transitive",
        "resolved": "9.0.0",
        "contentHash": "+vuqVP6xpi582XIjJi6OCsIxuoTZfR0M7WWufk3uGDeCl3wGW6KnpylUJ3iiXdPByPE0vR5TjJgR6hDLez4FQg==",
        "dependencies": {
          "System.Composition.AttributedModel": "9.0.0"
        }
      },
      "System.Composition.Hosting": {
        "type": "Transitive",
        "resolved": "9.0.0",
        "contentHash": "OFqSeFeJYr7kHxDfaViGM1ymk7d4JxK//VSoNF9Ux0gpqkLsauDZpu89kTHHNdCWfSljbFcvAafGyBoY094btQ==",
        "dependencies": {
          "System.Composition.Runtime": "9.0.0"
        }
      },
      "System.Composition.Runtime": {
        "type": "Transitive",
        "resolved": "9.0.0",
        "contentHash": "w1HOlQY1zsOWYussjFGZCEYF2UZXgvoYnS94NIu2CBnAGMbXFAX8PY8c92KwUItPmowal68jnVLBCzdrWLeEKA=="
      },
      "System.Composition.TypedParts": {
        "type": "Transitive",
        "resolved": "9.0.0",
        "contentHash": "aRZlojCCGEHDKqh43jaDgaVpYETsgd7Nx4g1zwLKMtv4iTo0627715ajEFNpEEBTgLmvZuv8K0EVxc3sM4NWJA==",
        "dependencies": {
          "System.Composition.AttributedModel": "9.0.0",
          "System.Composition.Hosting": "9.0.0",
          "System.Composition.Runtime": "9.0.0"
        }
      },
      "System.IO.Hashing": {
        "type": "Transitive",
        "resolved": "10.0.3",
        "contentHash": "La6ICwsdTKhVX+LKN+pvFjQRR3LhLwq3uKdi2knjLzRyPYBSydF4cjXidYxIiTcDD6XVYdsBWQEI8ZxiZ/OdIg=="
      },
      "System.Memory.Data": {
        "type": "Transitive",
        "resolved": "10.0.3",
        "contentHash": "MaGhRfGunmrj/nHjtsi9XkhlYJ/ERGWrbA+BiSKNtGnAjc9XlG5EhAvak6VRcX5LYzPF6pBO8nJ613dTgzabig=="
      },
      "System.Numerics.Tensors": {
        "type": "Transitive",
        "resolved": "10.0.6",
        "contentHash": "DOZ8Z8CxHVWU8gSo4ZQ8sCAPIQb+agp56ISuMiu39WWZiV+reZwn9NM1tj4lRDfqLaOAinF6zTi0csmFBQes9Q=="
      },
      "weave.agents": {
        "type": "Project",
        "dependencies": {
          "Microsoft.Extensions.AI": "[10.5.0, )",
          "Microsoft.Extensions.AI.Abstractions": "[10.5.0, )",
          "Weave.Security": "[1.0.0, )",
          "Weave.Shared": "[1.0.0, )",
          "Weave.Tools": "[1.0.0, )",
          "Weave.Workspaces": "[1.0.0, )"
        }
      },
      "weave.deploy": {
        "type": "Project",
        "dependencies": {
          "Weave.Shared": "[1.0.0, )",
          "Weave.Workspaces": "[1.0.0, )"
        }
      },
      "weave.security": {
        "type": "Project",
        "dependencies": {
          "Microsoft.Data.Sqlite": "[10.0.7, )",
          "Npgsql": "[10.0.2, )",
          "Weave.Shared": "[1.0.0, )"
        }
      },
      "weave.servicedefaults": {
        "type": "Project",
        "dependencies": {
          "Microsoft.Extensions.Http.Resilience": "[10.5.0, )",
          "Microsoft.Extensions.ServiceDiscovery": "[10.5.0, )",
          "OpenTelemetry.Exporter.OpenTelemetryProtocol": "[1.15.3, )",
          "OpenTelemetry.Extensions.Hosting": "[1.15.3, )",
          "OpenTelemetry.Instrumentation.AspNetCore": "[1.15.2, )",
          "OpenTelemetry.Instrumentation.Http": "[1.15.1, )",
          "OpenTelemetry.Instrumentation.Runtime": "[1.15.1, )"
        }
      },
      "weave.shared": {
        "type": "Project",
        "dependencies": {
          "Microsoft.Extensions.AI.Abstractions": "[10.5.0, )"
        }
      },
      "weave.tools": {
        "type": "Project",
        "dependencies": {
          "Weave.Security": "[1.0.0, )",
          "Weave.Shared": "[1.0.0, )",
          "Weave.Workspaces": "[1.0.0, )"
        }
      },
      "weave.workspaces": {
        "type": "Project",
        "dependencies": {
          "Weave.Shared": "[1.0.0, )"
        }
      },
      "Microsoft.Data.Sqlite": {
        "type": "CentralTransitive",
        "requested": "[10.0.7, )",
        "resolved": "10.0.7",
        "contentHash": "DZ6G2QuyPrsh5VS+wfiZbNBtYT6p+CkxXjD0aZHF04xso7QsG/uk0JpG30hzYlK6u/wtTzta1Dqfgbc/Sl2sDA==",
        "dependencies": {
          "Microsoft.Data.Sqlite.Core": "10.0.7",
          "SQLitePCLRaw.bundle_e_sqlite3": "2.1.11",
          "SQLitePCLRaw.core": "2.1.11"
        }
      },
      "Microsoft.Extensions.AI": {
        "type": "CentralTransitive",
        "requested": "[10.5.0, )",
        "resolved": "10.5.0",
        "contentHash": "UwUYEUqB7v74IYFRzPmjiN0i6JvHFC2P5laO5ZV2LvDRuz84+16XIkMVwT8nKyHJHT2gWOqywiTMC2pa50IrTA==",
        "dependencies": {
          "Microsoft.Extensions.AI.Abstractions": "10.5.0",
          "System.Numerics.Tensors": "10.0.6"
        }
      },
      "Microsoft.Extensions.AI.Abstractions": {
        "type": "CentralTransitive",
        "requested": "[10.5.0, )",
        "resolved": "10.5.0",
        "contentHash": "bb2wQ1HGatf5zdBxE28zrN4jaEVmpC+IJYChcqABTfu77YtFcJe/A4ZChjVZ0V1OF+UPYSOY8mUDI/fwEljcIA=="
      },
      "Microsoft.Extensions.Http.Resilience": {
        "type": "CentralTransitive",
        "requested": "[10.5.0, )",
        "resolved": "10.5.0",
        "contentHash": "81rw+wjFFP5jREOERb1PHIPvBNFtE6NXO8bsLTSCET2UZWxj7cwrpzcI3l07tOpHEprYmruZAF3kZEar7uG4Iw==",
        "dependencies": {
          "Microsoft.Extensions.Http.Diagnostics": "10.5.0",
          "Microsoft.Extensions.Resilience": "10.5.0"
        }
      },
      "Microsoft.Extensions.ServiceDiscovery": {
        "type": "CentralTransitive",
        "requested": "[10.5.0, )",
        "resolved": "10.5.0",
        "contentHash": "M7w+KSTX72nEHuizITgUAD7SZwDdiLTw+tpUvR5iKifuhYJPctghzjDJevkz2OQ6vNGvUuJEfReUpS9DU8kBpA==",
        "dependencies": {
          "Microsoft.Extensions.ServiceDiscovery.Abstractions": "10.5.0"
        }
      },
      "Microsoft.Orleans.Sdk": {
        "type": "CentralTransitive",
        "requested": "[10.1.0, )",
        "resolved": "10.1.0",
        "contentHash": "Wqj9ynNNgRk7FTyoxFYDe39R6Y2irATOgQFBH7T3xAOAVLdaEIXEocH4rdbhQrq03WrJUbuOVQdARFDiLYnixw==",
        "dependencies": {
          "Microsoft.CodeAnalysis.Analyzers": "3.11.0",
          "Microsoft.CodeAnalysis.Common": "5.0.0",
          "Microsoft.CodeAnalysis.Workspaces.Common": "5.0.0",
          "Microsoft.Extensions.DependencyModel": "10.0.3",
          "Microsoft.Orleans.Analyzers": "10.1.0",
          "Microsoft.Orleans.CodeGenerator": "10.1.0",
          "Microsoft.Orleans.Core": "10.1.0",
          "Newtonsoft.Json": "13.0.4",
          "System.IO.Hashing": "10.0.3",
          "System.Memory.Data": "10.0.3"
        }
      },
      "Npgsql": {
        "type": "CentralTransitive",
        "requested": "[10.0.2, )",
        "resolved": "10.0.2",
        "contentHash": "q5RfBI+wywJSFUNDE1L4ZbHEHCFTblo8Uf6A6oe4feOUFYiUQXyAf9GBh5qEZpvJaHiEbpBPkQumjEhXCJxdrg=="
      },
      "OpenTelemetry.Exporter.OpenTelemetryProtocol": {
        "type": "CentralTransitive",
        "requested": "[1.15.3, )",
        "resolved": "1.15.3",
        "contentHash": "FEXJepcseTGbATiCkUfP7ipoFEYYfl/0UmmUwi0KxCPg9PaUA8ab2P1LGopK+/HExasJ1ZutFhZrN6WvUIR23g==",
        "dependencies": {
          "OpenTelemetry": "1.15.3"
        }
      },
      "OpenTelemetry.Extensions.Hosting": {
        "type": "CentralTransitive",
        "requested": "[1.15.3, )",
        "resolved": "1.15.3",
        "contentHash": "u8n/W8yIlqv0BXZmvId1iVaeWXG42tGKdTkuLYg5g57Y/r9CeUNzqtrSHNdG5IoO8iPX79w3v+WsbAHgUQbfeg==",
        "dependencies": {
          "OpenTelemetry": "1.15.3"
        }
      },
      "OpenTelemetry.Instrumentation.AspNetCore": {
        "type": "CentralTransitive",
        "requested": "[1.15.2, )",
        "resolved": "1.15.2",
        "contentHash": "2nPd7r0ug/gd6/CNFL6Rlu+RSQ9WYGSGHAYQ1ssbSqyzKJpqTunfx2I/1O0WB5k+L0cyXbG4XVZpoSoUc3M7wg==",
        "dependencies": {
          "OpenTelemetry.Api.ProviderBuilderExtensions": "[1.15.3, 2.0.0)"
        }
      },
      "OpenTelemetry.Instrumentation.Http": {
        "type": "CentralTransitive",
        "requested": "[1.15.1, )",
        "resolved": "1.15.1",
        "contentHash": "vFO4Fj/dXkoVNGo/nhoGpO2zYQmZwr4jTID7oRGo+XlQ8LqksyZjUXQ4p39RfUvTID7IzzL8Qe71tW7CcAFymA==",
        "dependencies": {
          "OpenTelemetry.Api.ProviderBuilderExtensions": "[1.15.3, 2.0.0)"
        }
      },
      "OpenTelemetry.Instrumentation.Runtime": {
        "type": "CentralTransitive",
        "requested": "[1.15.1, )",
        "resolved": "1.15.1",
        "contentHash": "cpPwlUT5HXcLGPaIgsbSy0W9eFYAPGVbTP1p8/uyQ4Osvf5BJuPpEXE7crL09SmEd44r0DGNKDtsqxaAz0HxQw==",
        "dependencies": {
          "OpenTelemetry.Api": "[1.15.3, 2.0.0)"
        }
      }
    }
  }
}