{
  "name": "weave-dependency-license-policy",
  "lockfileVersion": 3,
  "requires": true,
  "packages": {
    "": {
      "name": "weave-dependency-license-policy",
      "dependencies": {
        "@onebeyond/spdx-license-satisfies": "1.0.1",
        "spdx-expression-parse": "5.0.0"
      }
    },
    "node_modules/@onebeyond/spdx-license-satisfies": {
      "version": "1.0.1",
      "resolved": "https://registry.npmjs.org/@onebeyond/spdx-license-satisfies/-/spdx-license-satisfies-1.0.1.tgz",
      "integrity": "sha512-C91zRfMMoWsuFMbzFh95pv7nDtzmGD+4TKbCHJTMgCO8IWPN3LyBVnDDnJd2pM5dokIGamSEIvYlf6HKLBDDPg==",
      "license": "MIT",
      "dependencies": {
        "spdx-compare": "^1.0.0",
        "spdx-expression-parse": "^3.0.0",
        "spdx-ranges": "^2.0.0"
      }
    },
    "node_modules/@onebeyond/spdx-license-satisfies/node_modules/spdx-expression-parse": {
      "version": "3.0.1",
      "resolved": "https://registry.npmjs.org/spdx-expression-parse/-/spdx-expression-parse-3.0.1.tgz",
      "integrity": "sha512-cbqHunsQWnJNE6KhVSMsMeH5H/L9EpymbzqTQ3uLwNCLZ1Q481oWaofqH7nO6V07xlXwY6PhQdQ2IedWx/ZK4Q==",
      "license": "MIT",
      "dependencies": {
        "spdx-exceptions": "^2.1.0",
        "spdx-license-ids": "^3.0.0"
      }
    },
    "node_modules/array-find-index": {
      "version": "1.0.2",
      "resolved": "https://registry.npmjs.org/array-find-index/-/array-find-index-1.0.2.tgz",
      "integrity": "sha512-M1HQyIXcBGtVywBt8WVdim+lrNaK7VHp99Qt5pSNziXznKHViIBbXWtfRTpEFpF/c4FdfxNAsCCwPp5phBYJtw==",
      "license": "MIT",
      "engines": {
        "node": ">=0.10.0"
      }
    },
    "node_modules/spdx-compare": {
      "version": "1.0.0",
      "resolved": "https://registry.npmjs.org/spdx-compare/-/spdx-compare-1.0.0.tgz",
      "integrity": "sha512-C1mDZOX0hnu0ep9dfmuoi03+eOdDoz2yvK79RxbcrVEG1NO1Ph35yW102DHWKN4pk80nwCgeMmSY5L25VE4D9A==",
      "license": "MIT",
      "dependencies": {
        "array-find-index": "^1.0.2",
        "spdx-expression-parse": "^3.0.0",
        "spdx-ranges": "^2.0.0"
      }
    },
    "node_modules/spdx-compare/node_modules/spdx-expression-parse": {
      "version": "3.0.1",
      "resolved": "https://registry.npmjs.org/spdx-expression-parse/-/spdx-expression-parse-3.0.1.tgz",
      "integrity": "sha512-cbqHunsQWnJNE6KhVSMsMeH5H/L9EpymbzqTQ3uLwNCLZ1Q481oWaofqH7nO6V07xlXwY6PhQdQ2IedWx/ZK4Q==",
      "license": "MIT",
      "dependencies": {
        "spdx-exceptions": "^2.1.0",
        "spdx-license-ids": "^3.0.0"
      }
    },
    "node_modules/spdx-exceptions": {
      "version": "2.5.0",
      "resolved": "https://registry.npmjs.org/spdx-exceptions/-/spdx-exceptions-2.5.0.tgz",
      "integrity": "sha512-PiU42r+xO4UbUS1buo3LPJkjlO7430Xn5SVAhdpzzsPHsjbYVflnnFdATgabnLude+Cqu25p6N+g2lw/PFsa4w==",
      "license": "CC-BY-3.0"
    },
    "node_modules/spdx-expression-parse": {
      "version": "5.0.0",
      "resolved": "https://registry.npmjs.org/spdx-expression-parse/-/spdx-expression-parse-5.0.0.tgz",
      "integrity": "sha512-vngmw3Rgn+o2arXNbnZaj5UtOEBuWBfvaI+Wc8GFfykIhA5/vdK9/Sp/XkLv63dykz2rxKDvKEHupF5P0FORcQ==",
      "license": "MIT",
      "dependencies": {
        "spdx-exceptions": "^2.1.0",
        "spdx-license-ids": "^3.0.0"
      }
    },
    "node_modules/spdx-license-ids": {
      "version": "3.0.24",
      "resolved": "https://registry.npmjs.org/spdx-license-ids/-/spdx-license-ids-3.0.24.tgz",
      "integrity": "sha512-cLS9TtWkIQFyLkJ3/5aFQAOHOSKTlOs/7WDut/XPSdjom1fJhUdkepeJAKXa9Y05+FabHd0sti+Et559vDtkpQ==",
      "license": "CC0-1.0"
    },
    "node_modules/spdx-ranges": {
      "version": "2.1.1",
      "resolved": "https://registry.npmjs.org/spdx-ranges/-/spdx-ranges-2.1.1.tgz",
      "integrity": "sha512-mcdpQFV7UDAgLpXEE/jOMqvK4LBoO0uTQg0uvXUewmEFhpiZx5yJSZITHB8w1ZahKdhfZqP5GPEOKLyEq5p8XA==",
      "license": "(MIT AND CC-BY-3.0)"
    }
  }
}
